{
  "name": "surilens",
  "version": "1.0.2",
  "lockfileVersion": 3,
  "requires": true,
  "packages": {
    "": {
      "name": "surilens",
      "version": "1.0.2",
      "license": "MIT",
      "dependencies": {
        "ws": "^8.18.0"
      },
      "engines": {
        "node": ">=18.0.0"
      },
      "peerDependencies": {
        "@nestjs/common": "^9.0.0 || ^10.0.0",
        "express": "^4.19.0 || ^5.0.0",
        "fastify": "^4.0.0 || ^5.0.0",
        "hono": "^3.0.0 || ^4.0.0",
        "koa": "^2.0.0"
      },
      "peerDependenciesMeta": {
        "@nestjs/common": {
          "optional": true
        },
        "express": {
          "optional": true
        },
        "fastify": {
          "optional": true
        },
        "hono": {
          "optional": true
        },
        "koa": {
          "optional": true
        }
      }
    },
    "node_modules/ws": {
      "version": "8.21.1",
      "resolved": "https://registry.npmjs.org/ws/-/ws-8.21.1.tgz",
      "integrity": "sha512-+0NTnW77fFN/DjQi6k/Sq/Yvk4Sgajw7urW8V+asjXnRgDs9gyGkdb7EzgfhA4goXsRIZKE28fzIXBHEzhuiWw==",
      "license": "MIT",
      "engines": {
        "node": ">=10.0.0"
      },
      "peerDependencies": {
        "bufferutil": "^4.0.1",
        "utf-8-validate": ">=5.0.2"
      },
      "peerDependenciesMeta": {
        "bufferutil": {
          "optional": true
        },
        "utf-8-validate": {
          "optional": true
        }
      }
    }
  }
}
